
Microsoft Visual Studio Solution File, Format Version 12.00
# Visual Studio Version 16
VisualStudioVersion = 16.0.32002.261
MinimumVisualStudioVersion = 10.0.40219.1
Project("{FAE04EC0-301F-11D3-BF4B-00C04F79EFBC}") = "LibraryAPI", "LibraryAPI\LibraryAPI.csproj", "{AF2B0EC3-6FE3-4BD8-B289-E43F4623EC4B}"
EndProject
Global
	GlobalSection(SolutionConfigurationPlatforms) = preSolution
		Debug|Any CPU = Debug|Any CPU
		Release|Any CPU = Release|Any CPU
	EndGlobalSection
	GlobalSection(ProjectConfigurationPlatforms) = postSolution
		{AF2B0EC3-6FE3-4BD8-B289-E43F4623EC4B}.Debug|Any CPU.ActiveCfg = Debug|Any CPU
		{AF2B0EC3-6FE3-4BD8-B289-E43F4623EC4B}.Debug|Any CPU.Build.0 = Debug|Any CPU
		{AF2B0EC3-6FE3-4BD8-B289-E43F4623EC4B}.Release|Any CPU.ActiveCfg = Release|Any CPU
		{AF2B0EC3-6FE3-4BD8-B289-E43F4623EC4B}.Release|Any CPU.Build.0 = Release|Any CPU
	EndGlobalSection
	GlobalSection(SolutionProperties) = preSolution
		HideSolutionNode = FALSE
	EndGlobalSection
	GlobalSection(ExtensibilityGlobals) = postSolution
		SolutionGuid = {FF3B0E8B-3402-4D93-BA10-B06C8080AF1D}
	EndGlobalSection
EndGlobal
